// !$*UTF8*$!
{
	archiveVersion = 1;
	classes = {
	};
	objectVersion = 50;
	objects = {

/* Begin PBXBuildFile section */
		5B958CA023FF1D1A0097B3A9 /* AppDelegate.swift in Sources */ = {isa = PBXBuildFile; fileRef = 5B958C9F23FF1D1A0097B3A9 /* AppDelegate.swift */; };
		5B958CA223FF1D1A0097B3A9 /* SceneDelegate.swift in Sources */ = {isa = PBXBuildFile; fileRef = 5B958CA123FF1D1A0097B3A9 /* SceneDelegate.swift */; };
		5B958CA423FF1D1A0097B3A9 /* ViewController.swift in Sources */ = {isa = PBXBuildFile; fileRef = 5B958CA323FF1D1A0097B3A9 /* ViewController.swift */; };
		5B958CA723FF1D1A0097B3A9 /* Main.storyboard in Resources */ = {isa = PBXBuildFile; fileRef = 5B958CA523FF1D1A0097B3A9 /* Main.storyboard */; };
		5B958CA923FF1D1B0097B3A9 /* Assets.xcassets in Resources */ = {isa = PBXBuildFile; fileRef = 5B958CA823FF1D1B0097B3A9 /* Assets.xcassets */; };
		5B958CAC23FF1D1B0097B3A9 /* LaunchScreen.storyboard in Resources */ = {isa = PBXBuildFile; fileRef = 5B958CAA23FF1D1B0097B3A9 /* LaunchScreen.storyboard */; };
/* End PBXBuildFile section */

/* Begin PBXFileReference section */
		5B958C9C23FF1D1A0097B3A9 /* Found.app */ = {isa = PBXFileReference; explicitFileType = wrapper.application; includeInIndex = 0; path = Found.app; sourceTree = BUILT_PRODUCTS_DIR; };
		5B958C9F23FF1D1A0097B3A9 /* AppDelegate.swift */ = {isa = PBXFileReference; lastKnownFileType = sourcecode.swift; path = AppDelegate.swift; sourceTree = "<group>"; };
		5B958CA123FF1D1A0097B3A9 /* SceneDelegate.swift */ = {isa = PBXFileReference; lastKnownFileType = sourcecode.swift; path = SceneDelegate.swift; sourceTree = "<group>"; };
		5B958CA323FF1D1A0097B3A9 /* ViewController.swift */ = {isa = PBXFileReference; lastKnownFileType = sourcecode.swift; path = ViewController.swift; sourceTree = "<group>"; };
		5B958CA623FF1D1A0097B3A9 /* Base */ = {isa = PBXFileReference; lastKnownFileType = file.storyboard; name = Base; path = Base.lproj/Main.storyboard; sourceTree = "<group>"; };
		5B958CA823FF1D1B0097B3A9 /* Assets.xcassets */ = {isa = PBXFileReference; lastKnownFileType = folder.assetcatalog; path = Assets.xcassets; sourceTree = "<group>"; };
		5B958CAB23FF1D1B0097B3A9 /* Base */ = {isa = PBXFileReference; lastKnownFileType = file.storyboard; name = Base; path = Base.lproj/LaunchScreen.storyboard; sourceTree = "<group>"; };
		5B958CAD23FF1D1B0097B3A9 /* Info.plist */ = {isa = PBXFileReference; lastKnownFileType = text.plist.xml; path = Info.plist; sourceTree = "<group>"; };
/* End PBXFileReference section */

/* Begin PBXFrameworksBuildPhase section */
		5B958C9923FF1D1A0097B3A9 /* Frameworks */ = {
			isa = PBXFrameworksBuildPhase;
			buildActionMask = 2147483647;
			files = (
			);
			runOnlyForDeploymentPostprocessing = 0;
		};
/* End PBXFrameworksBuildPhase section */

/* Begin PBXGroup section */
		5B958C9323FF1D1A0097B3A9 = {
			isa = PBXGroup;
			children = (
				5B958C9E23FF1D1A0097B3A9 /* Found */,
				5B958C9D23FF1D1A0097B3A9 /* Products */,
			);
			sourceTree = "<group>";
		};
		5B958C9D23FF1D1A0097B3A9 /* Products */ = {
			isa = PBXGroup;
			children = (
				5B958C9C23FF1D1A0097B3A9 /* Found.app */,
			);
			name = Products;
			sourceTree = "<group>";
		};
		5B958C9E23FF1D1A0097B3A9 /* Found */ = {
			isa = PBXGroup;
			children = (
				5B958C9F23FF1D1A0097B3A9 /* AppDelegate.swift */,
				5B958CA123FF1D1A0097B3A9 /* SceneDelegate.swift */,
				5B958CA323FF1D1A0097B3A9 /* ViewController.swift */,
				5B958CA523FF1D1A0097B3A9 /* Main.storyboard */,
				5B958CA823FF1D1B0097B3A9 /* Assets.xcassets */,
				5B958CAA23FF1D1B0097B3A9 /* LaunchScreen.storyboard */,
				5B958CAD23FF1D1B0097B3A9 /* Info.plist */,
			);
			path = Found;
			sourceTree = "<group>";
		};
/* End PBXGroup section */

/* Begin PBXNativeTarget section */
		5B958C9B23FF1D1A0097B3A9 /* Found */ = {
			isa = PBXNativeTarget;
			buildConfigurationList = 5B958CB023FF1D1B0097B3A9 /* Build configuration list for PBXNativeTarget "Found" */;
			buildPhases = (
				5B958C9823FF1D1A0097B3A9 /* Sources */,
				5B958C9923FF1D1A0097B3A9 /* Frameworks */,
				5B958C9A23FF1D1A0097B3A9 /* Resources */,
			);
			buildRules = (
			);
			dependencies = (
			);
			name = Found;
			productName = Found;
			productReference = 5B958C9C23FF1D1A0097B3A9 /* Found.app */;
			productType = "com.apple.product-type.application";
		};
/* End PBXNativeTarget section */

/* Begin PBXProject section */
		5B958C9423FF1D1A0097B3A9 /* Project object */ = {
			isa = PBXProject;
			attributes = {
				LastSwiftUpdateCheck = 1130;
				LastUpgradeCheck = 1130;
				ORGANIZATIONNAME = "Martin Mikusovic";
				TargetAttributes = {
					5B958C9B23FF1D1A0097B3A9 = {
						CreatedOnToolsVersion = 11.3.1;
					};
				};
			};
			buildConfigurationList = 5B958C9723FF1D1A0097B3A9 /* Build configuration list for PBXProject "Found" */;
			compatibilityVersion = "Xcode 9.3";
			developmentRegion = en;
			hasScannedForEncodings = 0;
			knownRegions = (
				en,
				Base,
			);
			mainGroup = 5B958C9323FF1D1A0097B3A9;
			productRefGroup = 5B958C9D23FF1D1A0097B3A9 /* Products */;
			projectDirPath = "";
			projectRoot = "";
			targets = (
				5B958C9B23FF1D1A0097B3A9 /* Found */,
			);
		};
/* End PBXProject section */

/* Begin PBXResourcesBuildPhase section */
		5B958C9A23FF1D1A0097B3A9 /* Resources */ = {
			isa = PBXResourcesBuildPhase;
			buildActionMask = 2147483647;
			files = (
				5B958CAC23FF1D1B0097B3A9 /* LaunchScreen.storyboard in Resources */,
				5B958CA923FF1D1B0097B3A9 /* Assets.xcassets in Resources */,
				5B958CA723FF1D1A0097B3A9 /* Main.storyboard in Resources */,
			);
			runOnlyForDeploymentPostprocessing = 0;
		};
/* End PBXResourcesBuildPhase section */

/* Begin PBXSourcesBuildPhase section */
		5B958C9823FF1D1A0097B3A9 /* Sources */ = {
			isa = PBXSourcesBuildPhase;
			buildActionMask = 2147483647;
			files = (
				5B958CA423FF1D1A0097B3A9 /* ViewController.swift in Sources */,
				5B958CA023FF1D1A0097B3A9 /* AppDelegate.swift in Sources */,
				5B958CA223FF1D1A0097B3A9 /* SceneDelegate.swift in Sources */,
			);
			runOnlyForDeploymentPostprocessing = 0;
		};
/* End PBXSourcesBuildPhase section */

/* Begin PBXVariantGroup section */
		5B958CA523FF1D1A0097B3A9 /* Main.storyboard */ = {
			isa = PBXVariantGroup;
			children = (
				5B958CA623FF1D1A0097B3A9 /* Base */,
			);
			name = Main.storyboard;
			sourceTree = "<group>";
		};
		5B958CAA23FF1D1B0097B3A9 /* LaunchScreen.storyboard */ = {
			isa = PBXVariantGroup;
			children = (
				5B958CAB23FF1D1B0097B3A9 /* Base */,
			);
			name = LaunchScreen.storyboard;
			sourceTree = "<group>";
		};
/* End PBXVariantGroup section */

/* Begin XCBuildConfiguration section */
		5B958CAE23FF1D1B0097B3A9 /* Debug */ = {
			isa = XCBuildConfiguration;
			buildSettings = {
				ALWAYS_SEARCH_USER_PATHS = NO;
				CLANG_ANALYZER_NONNULL = YES;
				CLANG_ANALYZER_NUMBER_OBJECT_CONVERSION = YES_AGGRESSIVE;
				CLANG_CXX_LANGUAGE_STANDARD = "gnu++14";
				CLANG_CXX_LIBRARY = "libc++";
				CLANG_ENABLE_MODULES = YES;
				CLANG_ENABLE_OBJC_ARC = YES;
				CLANG_ENABLE_OBJC_WEAK = YES;
				CLANG_WARN_BLOCK_CAPTURE_AUTORELEASING = YES;
				CLANG_WARN_BOOL_CONVERSION = YES;
				CLANG_WARN_COMMA = YES;
				CLANG_WARN_CONSTANT_CONVERSION = YES;
				CLANG_WARN_DEPRECATED_OBJC_IMPLEMENTATIONS = YES;
				CLANG_WARN_DIRECT_OBJC_ISA_USAGE = YES_ERROR;
				CLANG_WARN_DOCUMENTATION_COMMENTS = YES;
				CLANG_WARN_EMPTY_BODY = YES;
				CLANG_WARN_ENUM_CONVERSION = YES;
				CLANG_WARN_INFINITE_RECURSION = YES;
				CLANG_WARN_INT_CONVERSION = YES;
				CLANG_WARN_NON_LITERAL_NULL_CONVERSION = YES;
				CLANG_WARN_OBJC_IMPLICIT_RETAIN_SELF = YES;
				CLANG_WARN_OBJC_LITERAL_CONVERSION = YES;
				CLANG_WARN_OBJC_ROOT_CLASS = YES_ERROR;
				CLANG_WARN_RANGE_LOOP_ANALYSIS = YES;
				CLANG_WARN_STRICT_PROTOTYPES = YES;
				CLANG_WARN_SUSPICIOUS_MOVE = YES;
				CLANG_WARN_UNGUARDED_AVAILABILITY = YES_AGGRESSIVE;
				CLANG_WARN_UNREACHABLE_CODE = YES;
				CLANG_WARN__DUPLICATE_METHOD_MATCH = YES;
				COPY_PHASE_STRIP = NO;
				DEBUG_INFORMATION_FORMAT = dwarf;
				ENABLE_STRICT_OBJC_MSGSEND = YES;
				ENABLE_TESTABILITY = YES;
				GCC_C_LANGUAGE_STANDARD = gnu11;
				GCC_DYNAMIC_NO_PIC = NO;
				GCC_NO_COMMON_BLOCKS = YES;
				GCC_OPTIMIZATION_LEVEL = 0;
				GCC_PREPROCESSOR_DEFINITIONS = (
					"DEBUG=1",
					"$(inherited)",
				);
				GCC_WARN_64_TO_32_BIT_CONVERSION = YES;
				GCC_WARN_ABOUT_RETURN_TYPE = YES_ERROR;
				GCC_WARN_UNDECLARED_SELECTOR = YES;
				GCC_WARN_UNINITIALIZED_AUTOS = YES_AGGRESSIVE;
				GCC_WARN_UNUSED_FUNCTION = YES;
				GCC_WARN_UNUSED_VARIABLE = YES;
				IPHONEOS_DEPLOYMENT_TARGET = 13.2;
				MTL_ENABLE_DEBUG_INFO = INCLUDE_SOURCE;
				MTL_FAST_MATH = YES;
				ONLY_ACTIVE_ARCH = YES;
				SDKROOT = iphoneos;
				SWIFT_ACTIVE_COMPILATION_CONDITIONS = DEBUG;
				SWIFT_OPTIMIZATION_LEVEL = "-Onone";
			};
			name = Debug;
		};
		5B958CAF23FF1D1B0097B3A9 /* Release */ = {
			isa = XCBuildConfiguration;
			buildSettings = {
				ALWAYS_SEARCH_USER_PATHS = NO;
				CLANG_ANALYZER_NONNULL = YES;
				CLANG_ANALYZER_NUMBER_OBJECT_CONVERSION = YES_AGGRESSIVE;
				CLANG_CXX_LANGUAGE_STANDARD = "gnu++14";
				CLANG_CXX_LIBRARY = "libc++";
				CLANG_ENABLE_MODULES = YES;
				CLANG_ENABLE_OBJC_ARC = YES;
				CLANG_ENABLE_OBJC_WEAK = YES;
				CLANG_WARN_BLOCK_CAPTURE_AUTORELEASING = YES;
				CLANG_WARN_BOOL_CONVERSION = YES;
				CLANG_WARN_COMMA = YES;
				CLANG_WARN_CONSTANT_CONVERSION = YES;
				CLANG_WARN_DEPRECATED_OBJC_IMPLEMENTATIONS = YES;
				CLANG_WARN_DIRECT_OBJC_ISA_USAGE = YES_ERROR;
				CLANG_WARN_DOCUMENTATION_COMMENTS = YES;
				CLANG_WARN_EMPTY_BODY = YES;
				CLANG_WARN_ENUM_CONVERSION = YES;
				CLANG_WARN_INFINITE_RECURSION = YES;
				CLANG_WARN_INT_CONVERSION = YES;
				CLANG_WARN_NON_LITERAL_NULL_CONVERSION = YES;
				CLANG_WARN_OBJC_IMPLICIT_RETAIN_SELF = YES;
				CLANG_WARN_OBJC_LITERAL_CONVERSION = YES;
				CLANG_WARN_OBJC_ROOT_CLASS = YES_ERROR;
				CLANG_WARN_RANGE_LOOP_ANALYSIS = YES;
				CLANG_WARN_STRICT_PROTOTYPES = YES;
				CLANG_WARN_SUSPICIOUS_MOVE = YES;
				CLANG_WARN_UNGUARDED_AVAILABILITY = YES_AGGRESSIVE;
				CLANG_WARN_UNREACHABLE_CODE = YES;
				CLANG_WARN__DUPLICATE_METHOD_MATCH = YES;
				COPY_PHASE_STRIP = NO;
				DEBUG_INFORMATION_FORMAT = "dwarf-with-dsym";
				ENABLE_NS_ASSERTIONS = NO;
				ENABLE_STRICT_OBJC_MSGSEND = YES;
				GCC_C_LANGUAGE_STANDARD = gnu11;
				GCC_NO_COMMON_BLOCKS = YES;
				GCC_WARN_64_TO_32_BIT_CONVERSION = YES;
				GCC_WARN_ABOUT_RETURN_TYPE = YES_ERROR;
				GCC_WARN_UNDECLARED_SELECTOR = YES;
				GCC_WARN_UNINITIALIZED_AUTOS = YES_AGGRESSIVE;
				GCC_WARN_UNUSED_FUNCTION = YES;
				GCC_WARN_UNUSED_VARIABLE = YES;
				IPHONEOS_DEPLOYMENT_TARGET = 13.2;
				MTL_ENABLE_DEBUG_INFO = NO;
				MTL_FAST_MATH = YES;
				SDKROOT = iphoneos;
				SWIFT_COMPILATION_MODE = wholemodule;
				SWIFT_OPTIMIZATION_LEVEL = "-O";
				VALIDATE_PRODUCT = YES;
			};
			name = Release;
		};
		5B958CB123FF1D1B0097B3A9 /* Debug */ = {
			isa = XCBuildConfiguration;
			buildSettings = {
				ASSETCATALOG_COMPILER_APPICON_NAME = AppIcon;
				CODE_SIGN_STYLE = Automatic;
				DEVELOPMENT_TEAM = XQ6VQ2652V;
				INFOPLIST_FILE = Found/Info.plist;
				LD_RUNPATH_SEARCH_PATHS = (
					"$(inherited)",
					"@executable_path/Frameworks",
				);
				PRODUCT_BUNDLE_IDENTIFIER = "com.Martin-Mikusovic.Found";
				PRODUCT_NAME = "$(TARGET_NAME)";
				SWIFT_VERSION = 5.0;
				TARGETED_DEVICE_FAMILY = "1,2";
			};
			name = Debug;
		};
		5B958CB223FF1D1B0097B3A9 /* Release */ = {
			isa = XCBuildConfiguration;
			buildSettings = {
				ASSETCATALOG_COMPILER_APPICON_NAME = AppIcon;
				CODE_SIGN_STYLE = Automatic;
				DEVELOPMENT_TEAM = XQ6VQ2652V;
				INFOPLIST_FILE = Found/Info.plist;
				LD_RUNPATH_SEARCH_PATHS = (
					"$(inherited)",
					"@executable_path/Frameworks",
				);
				PRODUCT_BUNDLE_IDENTIFIER = "com.Martin-Mikusovic.Found";
				PRODUCT_NAME = "$(TARGET_NAME)";
				SWIFT_VERSION = 5.0;
				TARGETED_DEVICE_FAMILY = "1,2";
			};
			name = Release;
		};
/* End XCBuildConfiguration section */

/* Begin XCConfigurationList section */
		5B958C9723FF1D1A0097B3A9 /* Build configuration list for PBXProject "Found" */ = {
			isa = XCConfigurationList;
			buildConfigurations = (
				5B958CAE23FF1D1B0097B3A9 /* Debug */,
				5B958CAF23FF1D1B0097B3A9 /* Release */,
			);
			defaultConfigurationIsVisible = 0;
			defaultConfigurationName = Release;
		};
		5B958CB023FF1D1B0097B3A9 /* Build configuration list for PBXNativeTarget "Found" */ = {
			isa = XCConfigurationList;
			buildConfigurations = (
				5B958CB123FF1D1B0097B3A9 /* Debug */,
				5B958CB223FF1D1B0097B3A9 /* Release */,
			);
			defaultConfigurationIsVisible = 0;
			defaultConfigurationName = Release;
		};
/* End XCConfigurationList section */
	};
	rootObject = 5B958C9423FF1D1A0097B3A9 /* Project object */;
}
