// !$*UTF8*$!
{
	archiveVersion = 1;
	classes = {
	};
	objectVersion = 50;
	objects = {

/* Begin PBXBuildFile section */
		5B8D74282411830700C6BFCF /* AppDelegate.swift in Sources */ = {isa = PBXBuildFile; fileRef = 5B8D74272411830700C6BFCF /* AppDelegate.swift */; };
		5B8D742A2411830700C6BFCF /* SceneDelegate.swift in Sources */ = {isa = PBXBuildFile; fileRef = 5B8D74292411830700C6BFCF /* SceneDelegate.swift */; };
		5B8D742F2411830700C6BFCF /* Main.storyboard in Resources */ = {isa = PBXBuildFile; fileRef = 5B8D742D2411830700C6BFCF /* Main.storyboard */; };
		5B8D74322411830700C6BFCF /* Journal.xcdatamodeld in Sources */ = {isa = PBXBuildFile; fileRef = 5B8D74302411830700C6BFCF /* Journal.xcdatamodeld */; };
		5B8D74342411830800C6BFCF /* Assets.xcassets in Resources */ = {isa = PBXBuildFile; fileRef = 5B8D74332411830800C6BFCF /* Assets.xcassets */; };
		5B8D74372411830800C6BFCF /* LaunchScreen.storyboard in Resources */ = {isa = PBXBuildFile; fileRef = 5B8D74352411830800C6BFCF /* LaunchScreen.storyboard */; };
		5B8D743F2411833B00C6BFCF /* JournalEntry.swift in Sources */ = {isa = PBXBuildFile; fileRef = 5B8D743E2411833B00C6BFCF /* JournalEntry.swift */; };
		5B8D74432411886500C6BFCF /* JournalTableViewController.swift in Sources */ = {isa = PBXBuildFile; fileRef = 5B8D74422411886500C6BFCF /* JournalTableViewController.swift */; };
		5B8D744524118D0200C6BFCF /* NewEntryViewController.swift in Sources */ = {isa = PBXBuildFile; fileRef = 5B8D744424118D0200C6BFCF /* NewEntryViewController.swift */; };
		5B8D7447241192BC00C6BFCF /* JournalDetailViewController.swift in Sources */ = {isa = PBXBuildFile; fileRef = 5B8D7446241192BC00C6BFCF /* JournalDetailViewController.swift */; };
/* End PBXBuildFile section */

/* Begin PBXFileReference section */
		5B8D74242411830700C6BFCF /* Journal.app */ = {isa = PBXFileReference; explicitFileType = wrapper.application; includeInIndex = 0; path = Journal.app; sourceTree = BUILT_PRODUCTS_DIR; };
		5B8D74272411830700C6BFCF /* AppDelegate.swift */ = {isa = PBXFileReference; lastKnownFileType = sourcecode.swift; path = AppDelegate.swift; sourceTree = "<group>"; };
		5B8D74292411830700C6BFCF /* SceneDelegate.swift */ = {isa = PBXFileReference; lastKnownFileType = sourcecode.swift; path = SceneDelegate.swift; sourceTree = "<group>"; };
		5B8D742E2411830700C6BFCF /* Base */ = {isa = PBXFileReference; lastKnownFileType = file.storyboard; name = Base; path = Base.lproj/Main.storyboard; sourceTree = "<group>"; };
		5B8D74312411830700C6BFCF /* Journal.xcdatamodel */ = {isa = PBXFileReference; lastKnownFileType = wrapper.xcdatamodel; path = Journal.xcdatamodel; sourceTree = "<group>"; };
		5B8D74332411830800C6BFCF /* Assets.xcassets */ = {isa = PBXFileReference; lastKnownFileType = folder.assetcatalog; path = Assets.xcassets; sourceTree = "<group>"; };
		5B8D74362411830800C6BFCF /* Base */ = {isa = PBXFileReference; lastKnownFileType = file.storyboard; name = Base; path = Base.lproj/LaunchScreen.storyboard; sourceTree = "<group>"; };
		5B8D74382411830800C6BFCF /* Info.plist */ = {isa = PBXFileReference; lastKnownFileType = text.plist.xml; path = Info.plist; sourceTree = "<group>"; };
		5B8D743E2411833B00C6BFCF /* JournalEntry.swift */ = {isa = PBXFileReference; lastKnownFileType = sourcecode.swift; path = JournalEntry.swift; sourceTree = "<group>"; };
		5B8D74422411886500C6BFCF /* JournalTableViewController.swift */ = {isa = PBXFileReference; lastKnownFileType = sourcecode.swift; path = JournalTableViewController.swift; sourceTree = "<group>"; };
		5B8D744424118D0200C6BFCF /* NewEntryViewController.swift */ = {isa = PBXFileReference; lastKnownFileType = sourcecode.swift; path = NewEntryViewController.swift; sourceTree = "<group>"; };
		5B8D7446241192BC00C6BFCF /* JournalDetailViewController.swift */ = {isa = PBXFileReference; lastKnownFileType = sourcecode.swift; path = JournalDetailViewController.swift; sourceTree = "<group>"; };
/* End PBXFileReference section */

/* Begin PBXFrameworksBuildPhase section */
		5B8D74212411830700C6BFCF /* Frameworks */ = {
			isa = PBXFrameworksBuildPhase;
			buildActionMask = 2147483647;
			files = (
			);
			runOnlyForDeploymentPostprocessing = 0;
		};
/* End PBXFrameworksBuildPhase section */

/* Begin PBXGroup section */
		5B8D741B2411830700C6BFCF = {
			isa = PBXGroup;
			children = (
				5B8D74262411830700C6BFCF /* Journal */,
				5B8D74252411830700C6BFCF /* Products */,
			);
			sourceTree = "<group>";
		};
		5B8D74252411830700C6BFCF /* Products */ = {
			isa = PBXGroup;
			children = (
				5B8D74242411830700C6BFCF /* Journal.app */,
			);
			name = Products;
			sourceTree = "<group>";
		};
		5B8D74262411830700C6BFCF /* Journal */ = {
			isa = PBXGroup;
			children = (
				5B8D74272411830700C6BFCF /* AppDelegate.swift */,
				5B8D74292411830700C6BFCF /* SceneDelegate.swift */,
				5B8D743E2411833B00C6BFCF /* JournalEntry.swift */,
				5B8D74422411886500C6BFCF /* JournalTableViewController.swift */,
				5B8D744424118D0200C6BFCF /* NewEntryViewController.swift */,
				5B8D7446241192BC00C6BFCF /* JournalDetailViewController.swift */,
				5B8D742D2411830700C6BFCF /* Main.storyboard */,
				5B8D74332411830800C6BFCF /* Assets.xcassets */,
				5B8D74352411830800C6BFCF /* LaunchScreen.storyboard */,
				5B8D74382411830800C6BFCF /* Info.plist */,
				5B8D74302411830700C6BFCF /* Journal.xcdatamodeld */,
			);
			path = Journal;
			sourceTree = "<group>";
		};
/* End PBXGroup section */

/* Begin PBXNativeTarget section */
		5B8D74232411830700C6BFCF /* Journal */ = {
			isa = PBXNativeTarget;
			buildConfigurationList = 5B8D743B2411830800C6BFCF /* Build configuration list for PBXNativeTarget "Journal" */;
			buildPhases = (
				5B8D74202411830700C6BFCF /* Sources */,
				5B8D74212411830700C6BFCF /* Frameworks */,
				5B8D74222411830700C6BFCF /* Resources */,
			);
			buildRules = (
			);
			dependencies = (
			);
			name = Journal;
			productName = Journal;
			productReference = 5B8D74242411830700C6BFCF /* Journal.app */;
			productType = "com.apple.product-type.application";
		};
/* End PBXNativeTarget section */

/* Begin PBXProject section */
		5B8D741C2411830700C6BFCF /* Project object */ = {
			isa = PBXProject;
			attributes = {
				LastSwiftUpdateCheck = 1130;
				LastUpgradeCheck = 1130;
				ORGANIZATIONNAME = "Martin Mikusovic";
				TargetAttributes = {
					5B8D74232411830700C6BFCF = {
						CreatedOnToolsVersion = 11.3.1;
					};
				};
			};
			buildConfigurationList = 5B8D741F2411830700C6BFCF /* Build configuration list for PBXProject "Journal" */;
			compatibilityVersion = "Xcode 9.3";
			developmentRegion = en;
			hasScannedForEncodings = 0;
			knownRegions = (
				en,
				Base,
			);
			mainGroup = 5B8D741B2411830700C6BFCF;
			productRefGroup = 5B8D74252411830700C6BFCF /* Products */;
			projectDirPath = "";
			projectRoot = "";
			targets = (
				5B8D74232411830700C6BFCF /* Journal */,
			);
		};
/* End PBXProject section */

/* Begin PBXResourcesBuildPhase section */
		5B8D74222411830700C6BFCF /* Resources */ = {
			isa = PBXResourcesBuildPhase;
			buildActionMask = 2147483647;
			files = (
				5B8D74372411830800C6BFCF /* LaunchScreen.storyboard in Resources */,
				5B8D74342411830800C6BFCF /* Assets.xcassets in Resources */,
				5B8D742F2411830700C6BFCF /* Main.storyboard in Resources */,
			);
			runOnlyForDeploymentPostprocessing = 0;
		};
/* End PBXResourcesBuildPhase section */

/* Begin PBXSourcesBuildPhase section */
		5B8D74202411830700C6BFCF /* Sources */ = {
			isa = PBXSourcesBuildPhase;
			buildActionMask = 2147483647;
			files = (
				5B8D74282411830700C6BFCF /* AppDelegate.swift in Sources */,
				5B8D743F2411833B00C6BFCF /* JournalEntry.swift in Sources */,
				5B8D74432411886500C6BFCF /* JournalTableViewController.swift in Sources */,
				5B8D742A2411830700C6BFCF /* SceneDelegate.swift in Sources */,
				5B8D7447241192BC00C6BFCF /* JournalDetailViewController.swift in Sources */,
				5B8D744524118D0200C6BFCF /* NewEntryViewController.swift in Sources */,
				5B8D74322411830700C6BFCF /* Journal.xcdatamodeld in Sources */,
			);
			runOnlyForDeploymentPostprocessing = 0;
		};
/* End PBXSourcesBuildPhase section */

/* Begin PBXVariantGroup section */
		5B8D742D2411830700C6BFCF /* Main.storyboard */ = {
			isa = PBXVariantGroup;
			children = (
				5B8D742E2411830700C6BFCF /* Base */,
			);
			name = Main.storyboard;
			sourceTree = "<group>";
		};
		5B8D74352411830800C6BFCF /* LaunchScreen.storyboard */ = {
			isa = PBXVariantGroup;
			children = (
				5B8D74362411830800C6BFCF /* Base */,
			);
			name = LaunchScreen.storyboard;
			sourceTree = "<group>";
		};
/* End PBXVariantGroup section */

/* Begin XCBuildConfiguration section */
		5B8D74392411830800C6BFCF /* Debug */ = {
			isa = XCBuildConfiguration;
			buildSettings = {
				ALWAYS_SEARCH_USER_PATHS = NO;
				CLANG_ANALYZER_NONNULL = YES;
				CLANG_ANALYZER_NUMBER_OBJECT_CONVERSION = YES_AGGRESSIVE;
				CLANG_CXX_LANGUAGE_STANDARD = "gnu++14";
				CLANG_CXX_LIBRARY = "libc++";
				CLANG_ENABLE_MODULES = YES;
				CLANG_ENABLE_OBJC_ARC = YES;
				CLANG_ENABLE_OBJC_WEAK = YES;
				CLANG_WARN_BLOCK_CAPTURE_AUTORELEASING = YES;
				CLANG_WARN_BOOL_CONVERSION = YES;
				CLANG_WARN_COMMA = YES;
				CLANG_WARN_CONSTANT_CONVERSION = YES;
				CLANG_WARN_DEPRECATED_OBJC_IMPLEMENTATIONS = YES;
				CLANG_WARN_DIRECT_OBJC_ISA_USAGE = YES_ERROR;
				CLANG_WARN_DOCUMENTATION_COMMENTS = YES;
				CLANG_WARN_EMPTY_BODY = YES;
				CLANG_WARN_ENUM_CONVERSION = YES;
				CLANG_WARN_INFINITE_RECURSION = YES;
				CLANG_WARN_INT_CONVERSION = YES;
				CLANG_WARN_NON_LITERAL_NULL_CONVERSION = YES;
				CLANG_WARN_OBJC_IMPLICIT_RETAIN_SELF = YES;
				CLANG_WARN_OBJC_LITERAL_CONVERSION = YES;
				CLANG_WARN_OBJC_ROOT_CLASS = YES_ERROR;
				CLANG_WARN_RANGE_LOOP_ANALYSIS = YES;
				CLANG_WARN_STRICT_PROTOTYPES = YES;
				CLANG_WARN_SUSPICIOUS_MOVE = YES;
				CLANG_WARN_UNGUARDED_AVAILABILITY = YES_AGGRESSIVE;
				CLANG_WARN_UNREACHABLE_CODE = YES;
				CLANG_WARN__DUPLICATE_METHOD_MATCH = YES;
				COPY_PHASE_STRIP = NO;
				DEBUG_INFORMATION_FORMAT = dwarf;
				ENABLE_STRICT_OBJC_MSGSEND = YES;
				ENABLE_TESTABILITY = YES;
				GCC_C_LANGUAGE_STANDARD = gnu11;
				GCC_DYNAMIC_NO_PIC = NO;
				GCC_NO_COMMON_BLOCKS = YES;
				GCC_OPTIMIZATION_LEVEL = 0;
				GCC_PREPROCESSOR_DEFINITIONS = (
					"DEBUG=1",
					"$(inherited)",
				);
				GCC_WARN_64_TO_32_BIT_CONVERSION = YES;
				GCC_WARN_ABOUT_RETURN_TYPE = YES_ERROR;
				GCC_WARN_UNDECLARED_SELECTOR = YES;
				GCC_WARN_UNINITIALIZED_AUTOS = YES_AGGRESSIVE;
				GCC_WARN_UNUSED_FUNCTION = YES;
				GCC_WARN_UNUSED_VARIABLE = YES;
				IPHONEOS_DEPLOYMENT_TARGET = 13.2;
				MTL_ENABLE_DEBUG_INFO = INCLUDE_SOURCE;
				MTL_FAST_MATH = YES;
				ONLY_ACTIVE_ARCH = YES;
				SDKROOT = iphoneos;
				SWIFT_ACTIVE_COMPILATION_CONDITIONS = DEBUG;
				SWIFT_OPTIMIZATION_LEVEL = "-Onone";
			};
			name = Debug;
		};
		5B8D743A2411830800C6BFCF /* Release */ = {
			isa = XCBuildConfiguration;
			buildSettings = {
				ALWAYS_SEARCH_USER_PATHS = NO;
				CLANG_ANALYZER_NONNULL = YES;
				CLANG_ANALYZER_NUMBER_OBJECT_CONVERSION = YES_AGGRESSIVE;
				CLANG_CXX_LANGUAGE_STANDARD = "gnu++14";
				CLANG_CXX_LIBRARY = "libc++";
				CLANG_ENABLE_MODULES = YES;
				CLANG_ENABLE_OBJC_ARC = YES;
				CLANG_ENABLE_OBJC_WEAK = YES;
				CLANG_WARN_BLOCK_CAPTURE_AUTORELEASING = YES;
				CLANG_WARN_BOOL_CONVERSION = YES;
				CLANG_WARN_COMMA = YES;
				CLANG_WARN_CONSTANT_CONVERSION = YES;
				CLANG_WARN_DEPRECATED_OBJC_IMPLEMENTATIONS = YES;
				CLANG_WARN_DIRECT_OBJC_ISA_USAGE = YES_ERROR;
				CLANG_WARN_DOCUMENTATION_COMMENTS = YES;
				CLANG_WARN_EMPTY_BODY = YES;
				CLANG_WARN_ENUM_CONVERSION = YES;
				CLANG_WARN_INFINITE_RECURSION = YES;
				CLANG_WARN_INT_CONVERSION = YES;
				CLANG_WARN_NON_LITERAL_NULL_CONVERSION = YES;
				CLANG_WARN_OBJC_IMPLICIT_RETAIN_SELF = YES;
				CLANG_WARN_OBJC_LITERAL_CONVERSION = YES;
				CLANG_WARN_OBJC_ROOT_CLASS = YES_ERROR;
				CLANG_WARN_RANGE_LOOP_ANALYSIS = YES;
				CLANG_WARN_STRICT_PROTOTYPES = YES;
				CLANG_WARN_SUSPICIOUS_MOVE = YES;
				CLANG_WARN_UNGUARDED_AVAILABILITY = YES_AGGRESSIVE;
				CLANG_WARN_UNREACHABLE_CODE = YES;
				CLANG_WARN__DUPLICATE_METHOD_MATCH = YES;
				COPY_PHASE_STRIP = NO;
				DEBUG_INFORMATION_FORMAT = "dwarf-with-dsym";
				ENABLE_NS_ASSERTIONS = NO;
				ENABLE_STRICT_OBJC_MSGSEND = YES;
				GCC_C_LANGUAGE_STANDARD = gnu11;
				GCC_NO_COMMON_BLOCKS = YES;
				GCC_WARN_64_TO_32_BIT_CONVERSION = YES;
				GCC_WARN_ABOUT_RETURN_TYPE = YES_ERROR;
				GCC_WARN_UNDECLARED_SELECTOR = YES;
				GCC_WARN_UNINITIALIZED_AUTOS = YES_AGGRESSIVE;
				GCC_WARN_UNUSED_FUNCTION = YES;
				GCC_WARN_UNUSED_VARIABLE = YES;
				IPHONEOS_DEPLOYMENT_TARGET = 13.2;
				MTL_ENABLE_DEBUG_INFO = NO;
				MTL_FAST_MATH = YES;
				SDKROOT = iphoneos;
				SWIFT_COMPILATION_MODE = wholemodule;
				SWIFT_OPTIMIZATION_LEVEL = "-O";
				VALIDATE_PRODUCT = YES;
			};
			name = Release;
		};
		5B8D743C2411830800C6BFCF /* Debug */ = {
			isa = XCBuildConfiguration;
			buildSettings = {
				ASSETCATALOG_COMPILER_APPICON_NAME = AppIcon;
				CODE_SIGN_STYLE = Automatic;
				DEVELOPMENT_TEAM = XQ6VQ2652V;
				INFOPLIST_FILE = Journal/Info.plist;
				LD_RUNPATH_SEARCH_PATHS = (
					"$(inherited)",
					"@executable_path/Frameworks",
				);
				PRODUCT_BUNDLE_IDENTIFIER = "com.Martin-Mikusovic.Journal";
				PRODUCT_NAME = "$(TARGET_NAME)";
				SWIFT_VERSION = 5.0;
				TARGETED_DEVICE_FAMILY = "1,2";
			};
			name = Debug;
		};
		5B8D743D2411830800C6BFCF /* Release */ = {
			isa = XCBuildConfiguration;
			buildSettings = {
				ASSETCATALOG_COMPILER_APPICON_NAME = AppIcon;
				CODE_SIGN_STYLE = Automatic;
				DEVELOPMENT_TEAM = XQ6VQ2652V;
				INFOPLIST_FILE = Journal/Info.plist;
				LD_RUNPATH_SEARCH_PATHS = (
					"$(inherited)",
					"@executable_path/Frameworks",
				);
				PRODUCT_BUNDLE_IDENTIFIER = "com.Martin-Mikusovic.Journal";
				PRODUCT_NAME = "$(TARGET_NAME)";
				SWIFT_VERSION = 5.0;
				TARGETED_DEVICE_FAMILY = "1,2";
			};
			name = Release;
		};
/* End XCBuildConfiguration section */

/* Begin XCConfigurationList section */
		5B8D741F2411830700C6BFCF /* Build configuration list for PBXProject "Journal" */ = {
			isa = XCConfigurationList;
			buildConfigurations = (
				5B8D74392411830800C6BFCF /* Debug */,
				5B8D743A2411830800C6BFCF /* Release */,
			);
			defaultConfigurationIsVisible = 0;
			defaultConfigurationName = Release;
		};
		5B8D743B2411830800C6BFCF /* Build configuration list for PBXNativeTarget "Journal" */ = {
			isa = XCConfigurationList;
			buildConfigurations = (
				5B8D743C2411830800C6BFCF /* Debug */,
				5B8D743D2411830800C6BFCF /* Release */,
			);
			defaultConfigurationIsVisible = 0;
			defaultConfigurationName = Release;
		};
/* End XCConfigurationList section */

/* Begin XCVersionGroup section */
		5B8D74302411830700C6BFCF /* Journal.xcdatamodeld */ = {
			isa = XCVersionGroup;
			children = (
				5B8D74312411830700C6BFCF /* Journal.xcdatamodel */,
			);
			currentVersion = 5B8D74312411830700C6BFCF /* Journal.xcdatamodel */;
			path = Journal.xcdatamodeld;
			sourceTree = "<group>";
			versionGroupType = wrapper.xcdatamodel;
		};
/* End XCVersionGroup section */
	};
	rootObject = 5B8D741C2411830700C6BFCF /* Project object */;
}
